
Microsoft Visual Studio Solution File, Format Version 12.00
# Visual Studio Version 17
VisualStudioVersion = 17.9.34728.123
MinimumVisualStudioVersion = 10.0.40219.1
Project("{FAE04EC0-301F-11D3-BF4B-00C04F79EFBC}") = "BİTİRMEPROJESİV2.0", "BİTİRMEPROJESİV2.0\BİTİRMEPROJESİV2.0.csproj", "{C874D195-2472-4FC6-BEA1-ECDB2959DA9F}"
EndProject
Global
	GlobalSection(SolutionConfigurationPlatforms) = preSolution
		Debug|Any CPU = Debug|Any CPU
		Release|Any CPU = Release|Any CPU
	EndGlobalSection
	GlobalSection(ProjectConfigurationPlatforms) = postSolution
		{C874D195-2472-4FC6-BEA1-ECDB2959DA9F}.Debug|Any CPU.ActiveCfg = Debug|Any CPU
		{C874D195-2472-4FC6-BEA1-ECDB2959DA9F}.Debug|Any CPU.Build.0 = Debug|Any CPU
		{C874D195-2472-4FC6-BEA1-ECDB2959DA9F}.Release|Any CPU.ActiveCfg = Release|Any CPU
		{C874D195-2472-4FC6-BEA1-ECDB2959DA9F}.Release|Any CPU.Build.0 = Release|Any CPU
	EndGlobalSection
	GlobalSection(SolutionProperties) = preSolution
		HideSolutionNode = FALSE
	EndGlobalSection
	GlobalSection(ExtensibilityGlobals) = postSolution
		SolutionGuid = {EC0C789F-0F17-4048-A1A6-6BDF4A1FF40D}
	EndGlobalSection
EndGlobal
